{
  "dependencies": {
    "sax": {
      "version": "1.2.4",
      "resolved": "https://registry.npmjs.org/sax/-/sax-1.2.4.tgz",
      "from": "sax@>=0.6.0"
    },
    "step": {
      "version": "1.0.0",
      "resolved": "https://registry.npmjs.org/step/-/step-1.0.0.tgz",
      "from": "step@1.0.0"
    },
    "xml2js": {
      "version": "0.4.19",
      "resolved": "https://registry.npmjs.org/xml2js/-/xml2js-0.4.19.tgz",
      "from": "xml2js@0.4.19"
    },
    "xmlbuilder": {
      "version": "9.0.7",
      "resolved": "https://registry.npmjs.org/xmlbuilder/-/xmlbuilder-9.0.7.tgz",
      "from": "xmlbuilder@>=9.0.1 <9.1.0"
    }
  }
}
